// !$*UTF8*$!
{
	archiveVersion = 1;
	classes = {
	};
	objectVersion = 56;
	objects = {

/* Begin PBXBuildFile section */
		ED1B389E2B6A934900C36A7A /* HomeTableHeaderView.swift in Sources */ = {isa = PBXBuildFile; fileRef = ED1B389D2B6A934900C36A7A /* HomeTableHeaderView.swift */; };
		ED1B389F2B6A934900C36A7A /* HomeTableHeaderView.swift in Sources */ = {isa = PBXBuildFile; fileRef = ED1B389D2B6A934900C36A7A /* HomeTableHeaderView.swift */; };
		ED1B38A02B6A934900C36A7A /* HomeTableHeaderView.swift in Sources */ = {isa = PBXBuildFile; fileRef = ED1B389D2B6A934900C36A7A /* HomeTableHeaderView.swift */; };
		ED1B38A62B6A97D300C36A7A /* HomeTableViewCell.swift in Sources */ = {isa = PBXBuildFile; fileRef = ED1B38A52B6A97D300C36A7A /* HomeTableViewCell.swift */; };
		ED1B38A72B6A97D300C36A7A /* HomeTableViewCell.swift in Sources */ = {isa = PBXBuildFile; fileRef = ED1B38A52B6A97D300C36A7A /* HomeTableViewCell.swift */; };
		ED1B38A82B6A97D300C36A7A /* HomeTableViewCell.swift in Sources */ = {isa = PBXBuildFile; fileRef = ED1B38A52B6A97D300C36A7A /* HomeTableViewCell.swift */; };
		ED2250C32B61973000C0FDA9 /* AppDelegate.swift in Sources */ = {isa = PBXBuildFile; fileRef = ED2250C22B61973000C0FDA9 /* AppDelegate.swift */; };
		ED2250C52B61973000C0FDA9 /* SceneDelegate.swift in Sources */ = {isa = PBXBuildFile; fileRef = ED2250C42B61973000C0FDA9 /* SceneDelegate.swift */; };
		ED2250C72B61973000C0FDA9 /* HomeViewController.swift in Sources */ = {isa = PBXBuildFile; fileRef = ED2250C62B61973000C0FDA9 /* HomeViewController.swift */; };
		ED2250CC2B61973300C0FDA9 /* Assets.xcassets in Resources */ = {isa = PBXBuildFile; fileRef = ED2250CB2B61973300C0FDA9 /* Assets.xcassets */; };
		ED2250CF2B61973300C0FDA9 /* LaunchScreen.storyboard in Resources */ = {isa = PBXBuildFile; fileRef = ED2250CD2B61973300C0FDA9 /* LaunchScreen.storyboard */; };
		ED2250DA2B61973300C0FDA9 /* GamaguTests.swift in Sources */ = {isa = PBXBuildFile; fileRef = ED2250D92B61973300C0FDA9 /* GamaguTests.swift */; };
		ED2250E42B61973300C0FDA9 /* GamaguUITests.swift in Sources */ = {isa = PBXBuildFile; fileRef = ED2250E32B61973300C0FDA9 /* GamaguUITests.swift */; };
		ED2250E62B61973300C0FDA9 /* GamaguUITestsLaunchTests.swift in Sources */ = {isa = PBXBuildFile; fileRef = ED2250E52B61973300C0FDA9 /* GamaguUITestsLaunchTests.swift */; };
		ED2252422B674F8400C0FDA9 /* SettingViewController.swift in Sources */ = {isa = PBXBuildFile; fileRef = ED2252412B674F8400C0FDA9 /* SettingViewController.swift */; };
		ED2252452B67A1E000C0FDA9 /* UINavigationController+Ext.swift in Sources */ = {isa = PBXBuildFile; fileRef = ED2252442B67A1E000C0FDA9 /* UINavigationController+Ext.swift */; };
		ED2252482B67AF6400C0FDA9 /* Slackey-Regular.ttf in Resources */ = {isa = PBXBuildFile; fileRef = ED2252472B67AF6400C0FDA9 /* Slackey-Regular.ttf */; };
		ED22524B2B67AFAC00C0FDA9 /* BlackHanSans-Regular.ttf in Resources */ = {isa = PBXBuildFile; fileRef = ED22524A2B67AFAC00C0FDA9 /* BlackHanSans-Regular.ttf */; };
		ED22524C2B67AFAC00C0FDA9 /* BlackHanSans-Regular.ttf in Resources */ = {isa = PBXBuildFile; fileRef = ED22524A2B67AFAC00C0FDA9 /* BlackHanSans-Regular.ttf */; };
		ED22524D2B67AFAC00C0FDA9 /* BlackHanSans-Regular.ttf in Resources */ = {isa = PBXBuildFile; fileRef = ED22524A2B67AFAC00C0FDA9 /* BlackHanSans-Regular.ttf */; };
		ED22524E2B67AFB400C0FDA9 /* Slackey-Regular.ttf in Resources */ = {isa = PBXBuildFile; fileRef = ED2252472B67AF6400C0FDA9 /* Slackey-Regular.ttf */; };
		ED22524F2B67AFB400C0FDA9 /* Slackey-Regular.ttf in Resources */ = {isa = PBXBuildFile; fileRef = ED2252472B67AF6400C0FDA9 /* Slackey-Regular.ttf */; };
		ED2252512B67BC9700C0FDA9 /* UIButton+Ext.swift in Sources */ = {isa = PBXBuildFile; fileRef = ED2252502B67BC9700C0FDA9 /* UIButton+Ext.swift */; };
		ED2252522B67BC9700C0FDA9 /* UIButton+Ext.swift in Sources */ = {isa = PBXBuildFile; fileRef = ED2252502B67BC9700C0FDA9 /* UIButton+Ext.swift */; };
		ED2252532B67BC9700C0FDA9 /* UIButton+Ext.swift in Sources */ = {isa = PBXBuildFile; fileRef = ED2252502B67BC9700C0FDA9 /* UIButton+Ext.swift */; };
		ED22525E2B67F4F300C0FDA9 /* UITabBarController+Ext.swift in Sources */ = {isa = PBXBuildFile; fileRef = ED22525D2B67F4F300C0FDA9 /* UITabBarController+Ext.swift */; };
		ED22525F2B67F4F300C0FDA9 /* UITabBarController+Ext.swift in Sources */ = {isa = PBXBuildFile; fileRef = ED22525D2B67F4F300C0FDA9 /* UITabBarController+Ext.swift */; };
		ED2252602B67F4F300C0FDA9 /* UITabBarController+Ext.swift in Sources */ = {isa = PBXBuildFile; fileRef = ED22525D2B67F4F300C0FDA9 /* UITabBarController+Ext.swift */; };
		ED22526A2B692FE100C0FDA9 /* HomeCollectionHeaderView.swift in Sources */ = {isa = PBXBuildFile; fileRef = ED2252692B692FE100C0FDA9 /* HomeCollectionHeaderView.swift */; };
		ED22526B2B692FE100C0FDA9 /* HomeCollectionHeaderView.swift in Sources */ = {isa = PBXBuildFile; fileRef = ED2252692B692FE100C0FDA9 /* HomeCollectionHeaderView.swift */; };
		ED22526C2B692FE100C0FDA9 /* HomeCollectionHeaderView.swift in Sources */ = {isa = PBXBuildFile; fileRef = ED2252692B692FE100C0FDA9 /* HomeCollectionHeaderView.swift */; };
		ED32C4BE2B7FD3DF0032329E /* crowA.wav in Resources */ = {isa = PBXBuildFile; fileRef = ED32C4B92B7FD3DE0032329E /* crowA.wav */; };
		ED32C4BF2B7FD3DF0032329E /* crowA.wav in Resources */ = {isa = PBXBuildFile; fileRef = ED32C4B92B7FD3DE0032329E /* crowA.wav */; };
		ED32C4C02B7FD3DF0032329E /* crowA.wav in Resources */ = {isa = PBXBuildFile; fileRef = ED32C4B92B7FD3DE0032329E /* crowA.wav */; };
		ED32C4C72B7FD3DF0032329E /* byak.wav in Resources */ = {isa = PBXBuildFile; fileRef = ED32C4BC2B7FD3DF0032329E /* byak.wav */; };
		ED32C4C82B7FD3DF0032329E /* byak.wav in Resources */ = {isa = PBXBuildFile; fileRef = ED32C4BC2B7FD3DF0032329E /* byak.wav */; };
		ED32C4C92B7FD3DF0032329E /* byak.wav in Resources */ = {isa = PBXBuildFile; fileRef = ED32C4BC2B7FD3DF0032329E /* byak.wav */; };
		ED32C4CA2B7FD3DF0032329E /* kyak.wav in Resources */ = {isa = PBXBuildFile; fileRef = ED32C4BD2B7FD3DF0032329E /* kyak.wav */; };
		ED32C4CB2B7FD3DF0032329E /* kyak.wav in Resources */ = {isa = PBXBuildFile; fileRef = ED32C4BD2B7FD3DF0032329E /* kyak.wav */; };
		ED32C4CC2B7FD3DF0032329E /* kyak.wav in Resources */ = {isa = PBXBuildFile; fileRef = ED32C4BD2B7FD3DF0032329E /* kyak.wav */; };
		ED32C4CE2B7FD77C0032329E /* crowC.wav in Resources */ = {isa = PBXBuildFile; fileRef = ED32C4CD2B7FD77C0032329E /* crowC.wav */; };
		ED32C4CF2B7FD77C0032329E /* crowC.wav in Resources */ = {isa = PBXBuildFile; fileRef = ED32C4CD2B7FD77C0032329E /* crowC.wav */; };
		ED32C4D02B7FD77C0032329E /* crowC.wav in Resources */ = {isa = PBXBuildFile; fileRef = ED32C4CD2B7FD77C0032329E /* crowC.wav */; };
		ED32C4D22B7FD7B20032329E /* crowB.wav in Resources */ = {isa = PBXBuildFile; fileRef = ED32C4D12B7FD7B20032329E /* crowB.wav */; };
		ED32C4D32B7FD7B20032329E /* crowB.wav in Resources */ = {isa = PBXBuildFile; fileRef = ED32C4D12B7FD7B20032329E /* crowB.wav */; };
		ED32C4D42B7FD7B20032329E /* crowB.wav in Resources */ = {isa = PBXBuildFile; fileRef = ED32C4D12B7FD7B20032329E /* crowB.wav */; };
		ED43ED692B7CEC8800ECA5E7 /* PushNotificationManager.swift in Sources */ = {isa = PBXBuildFile; fileRef = ED43ED682B7CEC8800ECA5E7 /* PushNotificationManager.swift */; };
		ED46F0812B7144D3004A1FD9 /* SettingToggleSwitchTableViewCell.swift in Sources */ = {isa = PBXBuildFile; fileRef = ED46F0802B7144D3004A1FD9 /* SettingToggleSwitchTableViewCell.swift */; };
		ED46F0822B7144D3004A1FD9 /* SettingToggleSwitchTableViewCell.swift in Sources */ = {isa = PBXBuildFile; fileRef = ED46F0802B7144D3004A1FD9 /* SettingToggleSwitchTableViewCell.swift */; };
		ED46F0832B7144D3004A1FD9 /* SettingToggleSwitchTableViewCell.swift in Sources */ = {isa = PBXBuildFile; fileRef = ED46F0802B7144D3004A1FD9 /* SettingToggleSwitchTableViewCell.swift */; };
		ED46F0852B71453D004A1FD9 /* SettingOptionMenuButtonTableViewCell.swift in Sources */ = {isa = PBXBuildFile; fileRef = ED46F0842B71453D004A1FD9 /* SettingOptionMenuButtonTableViewCell.swift */; };
		ED46F0862B71453D004A1FD9 /* SettingOptionMenuButtonTableViewCell.swift in Sources */ = {isa = PBXBuildFile; fileRef = ED46F0842B71453D004A1FD9 /* SettingOptionMenuButtonTableViewCell.swift */; };
		ED46F0872B71453D004A1FD9 /* SettingOptionMenuButtonTableViewCell.swift in Sources */ = {isa = PBXBuildFile; fileRef = ED46F0842B71453D004A1FD9 /* SettingOptionMenuButtonTableViewCell.swift */; };
		ED46F0892B71468E004A1FD9 /* SettingCategoryTableViewCell.swift in Sources */ = {isa = PBXBuildFile; fileRef = ED46F0882B71468E004A1FD9 /* SettingCategoryTableViewCell.swift */; };
		ED46F08A2B71468E004A1FD9 /* SettingCategoryTableViewCell.swift in Sources */ = {isa = PBXBuildFile; fileRef = ED46F0882B71468E004A1FD9 /* SettingCategoryTableViewCell.swift */; };
		ED46F08B2B71468E004A1FD9 /* SettingCategoryTableViewCell.swift in Sources */ = {isa = PBXBuildFile; fileRef = ED46F0882B71468E004A1FD9 /* SettingCategoryTableViewCell.swift */; };
		ED6496472B6CD28800D890E1 /* AddFormViewController.swift in Sources */ = {isa = PBXBuildFile; fileRef = ED6496462B6CD28800D890E1 /* AddFormViewController.swift */; };
		ED6496482B6CD28800D890E1 /* AddFormViewController.swift in Sources */ = {isa = PBXBuildFile; fileRef = ED6496462B6CD28800D890E1 /* AddFormViewController.swift */; };
		ED6496492B6CD28800D890E1 /* AddFormViewController.swift in Sources */ = {isa = PBXBuildFile; fileRef = ED6496462B6CD28800D890E1 /* AddFormViewController.swift */; };
		ED64964B2B6D1C1600D890E1 /* UITextField+Ext.swift in Sources */ = {isa = PBXBuildFile; fileRef = ED64964A2B6D1C1600D890E1 /* UITextField+Ext.swift */; };
		ED64964C2B6D1C1600D890E1 /* UITextField+Ext.swift in Sources */ = {isa = PBXBuildFile; fileRef = ED64964A2B6D1C1600D890E1 /* UITextField+Ext.swift */; };
		ED64964D2B6D1C1600D890E1 /* UITextField+Ext.swift in Sources */ = {isa = PBXBuildFile; fileRef = ED64964A2B6D1C1600D890E1 /* UITextField+Ext.swift */; };
		ED88E6772B69640300C66565 /* HomeCollectionBackgroundView.swift in Sources */ = {isa = PBXBuildFile; fileRef = ED88E6762B69640300C66565 /* HomeCollectionBackgroundView.swift */; };
		ED88E6792B69764000C66565 /* HomeCollectionViewCell.swift in Sources */ = {isa = PBXBuildFile; fileRef = ED88E6782B69764000C66565 /* HomeCollectionViewCell.swift */; };
		ED88E67A2B69764000C66565 /* HomeCollectionViewCell.swift in Sources */ = {isa = PBXBuildFile; fileRef = ED88E6782B69764000C66565 /* HomeCollectionViewCell.swift */; };
		ED88E67B2B69764000C66565 /* HomeCollectionViewCell.swift in Sources */ = {isa = PBXBuildFile; fileRef = ED88E6782B69764000C66565 /* HomeCollectionViewCell.swift */; };
		ED91BF4C2B77AAB800CF048E /* CategorySettingPositionTableViewCell.swift in Sources */ = {isa = PBXBuildFile; fileRef = ED91BF4B2B77AAB800CF048E /* CategorySettingPositionTableViewCell.swift */; };
		ED91BF4D2B77AABF00CF048E /* CategorySettingPositionTableViewCell.swift in Sources */ = {isa = PBXBuildFile; fileRef = ED91BF4B2B77AAB800CF048E /* CategorySettingPositionTableViewCell.swift */; };
		ED91BF4E2B77AABF00CF048E /* CategorySettingPositionTableViewCell.swift in Sources */ = {isa = PBXBuildFile; fileRef = ED91BF4B2B77AAB800CF048E /* CategorySettingPositionTableViewCell.swift */; };
		ED91BF562B77BC2700CF048E /* GamaguCoreDataModel.xcdatamodeld in Sources */ = {isa = PBXBuildFile; fileRef = ED91BF542B77BC2700CF048E /* GamaguCoreDataModel.xcdatamodeld */; };
		ED91BF572B77BC2700CF048E /* GamaguCoreDataModel.xcdatamodeld in Sources */ = {isa = PBXBuildFile; fileRef = ED91BF542B77BC2700CF048E /* GamaguCoreDataModel.xcdatamodeld */; };
		ED91BF582B77BC2700CF048E /* GamaguCoreDataModel.xcdatamodeld in Sources */ = {isa = PBXBuildFile; fileRef = ED91BF542B77BC2700CF048E /* GamaguCoreDataModel.xcdatamodeld */; };
		ED91BF8A2B789C8300CF048E /* CoreDataManager.swift in Sources */ = {isa = PBXBuildFile; fileRef = ED91BF892B789C8300CF048E /* CoreDataManager.swift */; };
		ED91BF8B2B789C8300CF048E /* CoreDataManager.swift in Sources */ = {isa = PBXBuildFile; fileRef = ED91BF892B789C8300CF048E /* CoreDataManager.swift */; };
		ED91BF8C2B789C8300CF048E /* CoreDataManager.swift in Sources */ = {isa = PBXBuildFile; fileRef = ED91BF892B789C8300CF048E /* CoreDataManager.swift */; };
		EDA25AD22B8095FF0059168E /* HapticManager.swift in Sources */ = {isa = PBXBuildFile; fileRef = EDA25AD12B8095FF0059168E /* HapticManager.swift */; };
		EDA25AD32B8096020059168E /* HapticManager.swift in Sources */ = {isa = PBXBuildFile; fileRef = EDA25AD12B8095FF0059168E /* HapticManager.swift */; };
		EDA25AD42B8096030059168E /* HapticManager.swift in Sources */ = {isa = PBXBuildFile; fileRef = EDA25AD12B8095FF0059168E /* HapticManager.swift */; };
		EDA25AD52B80A50E0059168E /* Assets.xcassets in Resources */ = {isa = PBXBuildFile; fileRef = ED2250CB2B61973300C0FDA9 /* Assets.xcassets */; };
		EDA25AD62B80A50E0059168E /* Assets.xcassets in Resources */ = {isa = PBXBuildFile; fileRef = ED2250CB2B61973300C0FDA9 /* Assets.xcassets */; };
		EDA25AD82B80EC400059168E /* UIApplication+Ext.swift in Sources */ = {isa = PBXBuildFile; fileRef = EDA25AD72B80EC400059168E /* UIApplication+Ext.swift */; };
		EDA25AD92B80EC400059168E /* UIApplication+Ext.swift in Sources */ = {isa = PBXBuildFile; fileRef = EDA25AD72B80EC400059168E /* UIApplication+Ext.swift */; };
		EDA25ADA2B80EC400059168E /* UIApplication+Ext.swift in Sources */ = {isa = PBXBuildFile; fileRef = EDA25AD72B80EC400059168E /* UIApplication+Ext.swift */; };
		EDACCDDF2B7333B700371898 /* CategorySettingButtonDelegate.swift in Sources */ = {isa = PBXBuildFile; fileRef = EDACCDDE2B7333B700371898 /* CategorySettingButtonDelegate.swift */; };
		EDACCDE02B7333B700371898 /* CategorySettingButtonDelegate.swift in Sources */ = {isa = PBXBuildFile; fileRef = EDACCDDE2B7333B700371898 /* CategorySettingButtonDelegate.swift */; };
		EDACCDE12B7333B700371898 /* CategorySettingButtonDelegate.swift in Sources */ = {isa = PBXBuildFile; fileRef = EDACCDDE2B7333B700371898 /* CategorySettingButtonDelegate.swift */; };
		EDACCDE32B7367D500371898 /* CategorySettingAlarmCountTableViewCell.swift in Sources */ = {isa = PBXBuildFile; fileRef = EDACCDE22B7367D500371898 /* CategorySettingAlarmCountTableViewCell.swift */; };
		EDACCDE42B7367D500371898 /* CategorySettingAlarmCountTableViewCell.swift in Sources */ = {isa = PBXBuildFile; fileRef = EDACCDE22B7367D500371898 /* CategorySettingAlarmCountTableViewCell.swift */; };
		EDACCDE52B7367D500371898 /* CategorySettingAlarmCountTableViewCell.swift in Sources */ = {isa = PBXBuildFile; fileRef = EDACCDE22B7367D500371898 /* CategorySettingAlarmCountTableViewCell.swift */; };
		EDACCDE72B737FEA00371898 /* CategorySettingDeleteTableViewCell.swift in Sources */ = {isa = PBXBuildFile; fileRef = EDACCDE62B737FEA00371898 /* CategorySettingDeleteTableViewCell.swift */; };
		EDACCDE82B737FEA00371898 /* CategorySettingDeleteTableViewCell.swift in Sources */ = {isa = PBXBuildFile; fileRef = EDACCDE62B737FEA00371898 /* CategorySettingDeleteTableViewCell.swift */; };
		EDACCDE92B737FEA00371898 /* CategorySettingDeleteTableViewCell.swift in Sources */ = {isa = PBXBuildFile; fileRef = EDACCDE62B737FEA00371898 /* CategorySettingDeleteTableViewCell.swift */; };
		EDADCFEC2B7E96ED008D4823 /* Date+Ext.swift in Sources */ = {isa = PBXBuildFile; fileRef = EDADCFEB2B7E96ED008D4823 /* Date+Ext.swift */; };
		EDADCFED2B7E96ED008D4823 /* Date+Ext.swift in Sources */ = {isa = PBXBuildFile; fileRef = EDADCFEB2B7E96ED008D4823 /* Date+Ext.swift */; };
		EDADCFEE2B7E96ED008D4823 /* Date+Ext.swift in Sources */ = {isa = PBXBuildFile; fileRef = EDADCFEB2B7E96ED008D4823 /* Date+Ext.swift */; };
		EDB18F0A2B790830007B4559 /* AddFormButtonDelegate.swift in Sources */ = {isa = PBXBuildFile; fileRef = EDB18F092B790830007B4559 /* AddFormButtonDelegate.swift */; };
		EDB18F0B2B790830007B4559 /* AddFormButtonDelegate.swift in Sources */ = {isa = PBXBuildFile; fileRef = EDB18F092B790830007B4559 /* AddFormButtonDelegate.swift */; };
		EDB18F0C2B790830007B4559 /* AddFormButtonDelegate.swift in Sources */ = {isa = PBXBuildFile; fileRef = EDB18F092B790830007B4559 /* AddFormButtonDelegate.swift */; };
		EDB18F0E2B7A039D007B4559 /* CategorySettingAlarmActivationTableViewCell.swift in Sources */ = {isa = PBXBuildFile; fileRef = EDB18F0D2B7A039D007B4559 /* CategorySettingAlarmActivationTableViewCell.swift */; };
		EDB18F0F2B7A039D007B4559 /* CategorySettingAlarmActivationTableViewCell.swift in Sources */ = {isa = PBXBuildFile; fileRef = EDB18F0D2B7A039D007B4559 /* CategorySettingAlarmActivationTableViewCell.swift */; };
		EDB18F102B7A039D007B4559 /* CategorySettingAlarmActivationTableViewCell.swift in Sources */ = {isa = PBXBuildFile; fileRef = EDB18F0D2B7A039D007B4559 /* CategorySettingAlarmActivationTableViewCell.swift */; };
		EDB18F2F2B7A0E26007B4559 /* Category+CoreDataClass.swift in Sources */ = {isa = PBXBuildFile; fileRef = EDB18F292B7A0E26007B4559 /* Category+CoreDataClass.swift */; };
		EDB18F302B7A0E26007B4559 /* Category+CoreDataClass.swift in Sources */ = {isa = PBXBuildFile; fileRef = EDB18F292B7A0E26007B4559 /* Category+CoreDataClass.swift */; };
		EDB18F312B7A0E26007B4559 /* Category+CoreDataClass.swift in Sources */ = {isa = PBXBuildFile; fileRef = EDB18F292B7A0E26007B4559 /* Category+CoreDataClass.swift */; };
		EDB18F322B7A0E26007B4559 /* Category+CoreDataProperties.swift in Sources */ = {isa = PBXBuildFile; fileRef = EDB18F2A2B7A0E26007B4559 /* Category+CoreDataProperties.swift */; };
		EDB18F332B7A0E26007B4559 /* Category+CoreDataProperties.swift in Sources */ = {isa = PBXBuildFile; fileRef = EDB18F2A2B7A0E26007B4559 /* Category+CoreDataProperties.swift */; };
		EDB18F342B7A0E26007B4559 /* Category+CoreDataProperties.swift in Sources */ = {isa = PBXBuildFile; fileRef = EDB18F2A2B7A0E26007B4559 /* Category+CoreDataProperties.swift */; };
		EDB18F352B7A0E26007B4559 /* UserSetting+CoreDataClass.swift in Sources */ = {isa = PBXBuildFile; fileRef = EDB18F2B2B7A0E26007B4559 /* UserSetting+CoreDataClass.swift */; };
		EDB18F362B7A0E26007B4559 /* UserSetting+CoreDataClass.swift in Sources */ = {isa = PBXBuildFile; fileRef = EDB18F2B2B7A0E26007B4559 /* UserSetting+CoreDataClass.swift */; };
		EDB18F372B7A0E26007B4559 /* UserSetting+CoreDataClass.swift in Sources */ = {isa = PBXBuildFile; fileRef = EDB18F2B2B7A0E26007B4559 /* UserSetting+CoreDataClass.swift */; };
		EDB18F382B7A0E26007B4559 /* UserSetting+CoreDataProperties.swift in Sources */ = {isa = PBXBuildFile; fileRef = EDB18F2C2B7A0E26007B4559 /* UserSetting+CoreDataProperties.swift */; };
		EDB18F392B7A0E26007B4559 /* UserSetting+CoreDataProperties.swift in Sources */ = {isa = PBXBuildFile; fileRef = EDB18F2C2B7A0E26007B4559 /* UserSetting+CoreDataProperties.swift */; };
		EDB18F3A2B7A0E26007B4559 /* UserSetting+CoreDataProperties.swift in Sources */ = {isa = PBXBuildFile; fileRef = EDB18F2C2B7A0E26007B4559 /* UserSetting+CoreDataProperties.swift */; };
		EDB18F3B2B7A0E26007B4559 /* Item+CoreDataClass.swift in Sources */ = {isa = PBXBuildFile; fileRef = EDB18F2D2B7A0E26007B4559 /* Item+CoreDataClass.swift */; };
		EDB18F3C2B7A0E26007B4559 /* Item+CoreDataClass.swift in Sources */ = {isa = PBXBuildFile; fileRef = EDB18F2D2B7A0E26007B4559 /* Item+CoreDataClass.swift */; };
		EDB18F3D2B7A0E26007B4559 /* Item+CoreDataClass.swift in Sources */ = {isa = PBXBuildFile; fileRef = EDB18F2D2B7A0E26007B4559 /* Item+CoreDataClass.swift */; };
		EDB18F3E2B7A0E26007B4559 /* Item+CoreDataProperties.swift in Sources */ = {isa = PBXBuildFile; fileRef = EDB18F2E2B7A0E26007B4559 /* Item+CoreDataProperties.swift */; };
		EDB18F3F2B7A0E26007B4559 /* Item+CoreDataProperties.swift in Sources */ = {isa = PBXBuildFile; fileRef = EDB18F2E2B7A0E26007B4559 /* Item+CoreDataProperties.swift */; };
		EDB18F402B7A0E26007B4559 /* Item+CoreDataProperties.swift in Sources */ = {isa = PBXBuildFile; fileRef = EDB18F2E2B7A0E26007B4559 /* Item+CoreDataProperties.swift */; };
		EDB18F432B7A13D6007B4559 /* Constants.swift in Sources */ = {isa = PBXBuildFile; fileRef = EDB18F422B7A13D6007B4559 /* Constants.swift */; };
		EDB18F442B7A13D6007B4559 /* Constants.swift in Sources */ = {isa = PBXBuildFile; fileRef = EDB18F422B7A13D6007B4559 /* Constants.swift */; };
		EDB18F452B7A13D6007B4559 /* Constants.swift in Sources */ = {isa = PBXBuildFile; fileRef = EDB18F422B7A13D6007B4559 /* Constants.swift */; };
		EDB316FD2B7152D90061934A /* SettingButtonDelegate.swift in Sources */ = {isa = PBXBuildFile; fileRef = EDB316FC2B7152D90061934A /* SettingButtonDelegate.swift */; };
		EDB316FE2B7152D90061934A /* SettingButtonDelegate.swift in Sources */ = {isa = PBXBuildFile; fileRef = EDB316FC2B7152D90061934A /* SettingButtonDelegate.swift */; };
		EDB316FF2B7152D90061934A /* SettingButtonDelegate.swift in Sources */ = {isa = PBXBuildFile; fileRef = EDB316FC2B7152D90061934A /* SettingButtonDelegate.swift */; };
		EDB317012B71F8F50061934A /* CategorySettingViewController.swift in Sources */ = {isa = PBXBuildFile; fileRef = EDB317002B71F8F50061934A /* CategorySettingViewController.swift */; };
		EDB317022B71F8F50061934A /* CategorySettingViewController.swift in Sources */ = {isa = PBXBuildFile; fileRef = EDB317002B71F8F50061934A /* CategorySettingViewController.swift */; };
		EDB317032B71F8F50061934A /* CategorySettingViewController.swift in Sources */ = {isa = PBXBuildFile; fileRef = EDB317002B71F8F50061934A /* CategorySettingViewController.swift */; };
		EDB3170A2B7326810061934A /* CategorySettingNameTableViewCell.swift in Sources */ = {isa = PBXBuildFile; fileRef = EDB317092B7326810061934A /* CategorySettingNameTableViewCell.swift */; };
		EDB3170B2B7326810061934A /* CategorySettingNameTableViewCell.swift in Sources */ = {isa = PBXBuildFile; fileRef = EDB317092B7326810061934A /* CategorySettingNameTableViewCell.swift */; };
		EDB3170C2B7326810061934A /* CategorySettingNameTableViewCell.swift in Sources */ = {isa = PBXBuildFile; fileRef = EDB317092B7326810061934A /* CategorySettingNameTableViewCell.swift */; };
		EDF92ECE2B70ED7400531BD7 /* SettingDatePickerTableViewCell.swift in Sources */ = {isa = PBXBuildFile; fileRef = EDF92ECD2B70ED7400531BD7 /* SettingDatePickerTableViewCell.swift */; };
		EDF92ECF2B70ED7400531BD7 /* SettingDatePickerTableViewCell.swift in Sources */ = {isa = PBXBuildFile; fileRef = EDF92ECD2B70ED7400531BD7 /* SettingDatePickerTableViewCell.swift */; };
		EDF92ED02B70ED7400531BD7 /* SettingDatePickerTableViewCell.swift in Sources */ = {isa = PBXBuildFile; fileRef = EDF92ECD2B70ED7400531BD7 /* SettingDatePickerTableViewCell.swift */; };
/* End PBXBuildFile section */

/* Begin PBXContainerItemProxy section */
		ED2250D62B61973300C0FDA9 /* PBXContainerItemProxy */ = {
			isa = PBXContainerItemProxy;
			containerPortal = ED2250B72B61973000C0FDA9 /* Project object */;
			proxyType = 1;
			remoteGlobalIDString = ED2250BE2B61973000C0FDA9;
			remoteInfo = Gamagu;
		};
		ED2250E02B61973300C0FDA9 /* PBXContainerItemProxy */ = {
			isa = PBXContainerItemProxy;
			containerPortal = ED2250B72B61973000C0FDA9 /* Project object */;
			proxyType = 1;
			remoteGlobalIDString = ED2250BE2B61973000C0FDA9;
			remoteInfo = Gamagu;
		};
/* End PBXContainerItemProxy section */

/* Begin PBXFileReference section */
		ED1B389D2B6A934900C36A7A /* HomeTableHeaderView.swift */ = {isa = PBXFileReference; lastKnownFileType = sourcecode.swift; path = HomeTableHeaderView.swift; sourceTree = "<group>"; };
		ED1B38A52B6A97D300C36A7A /* HomeTableViewCell.swift */ = {isa = PBXFileReference; lastKnownFileType = sourcecode.swift; path = HomeTableViewCell.swift; sourceTree = "<group>"; };
		ED2250BF2B61973000C0FDA9 /* Gamagu.app */ = {isa = PBXFileReference; explicitFileType = wrapper.application; includeInIndex = 0; path = Gamagu.app; sourceTree = BUILT_PRODUCTS_DIR; };
		ED2250C22B61973000C0FDA9 /* AppDelegate.swift */ = {isa = PBXFileReference; lastKnownFileType = sourcecode.swift; path = AppDelegate.swift; sourceTree = "<group>"; };
		ED2250C42B61973000C0FDA9 /* SceneDelegate.swift */ = {isa = PBXFileReference; lastKnownFileType = sourcecode.swift; path = SceneDelegate.swift; sourceTree = "<group>"; };
		ED2250C62B61973000C0FDA9 /* HomeViewController.swift */ = {isa = PBXFileReference; lastKnownFileType = sourcecode.swift; path = HomeViewController.swift; sourceTree = "<group>"; };
		ED2250CB2B61973300C0FDA9 /* Assets.xcassets */ = {isa = PBXFileReference; lastKnownFileType = folder.assetcatalog; path = Assets.xcassets; sourceTree = "<group>"; };
		ED2250CE2B61973300C0FDA9 /* Base */ = {isa = PBXFileReference; lastKnownFileType = file.storyboard; name = Base; path = Base.lproj/LaunchScreen.storyboard; sourceTree = "<group>"; };
		ED2250D02B61973300C0FDA9 /* Info.plist */ = {isa = PBXFileReference; lastKnownFileType = text.plist.xml; path = Info.plist; sourceTree = "<group>"; };
		ED2250D52B61973300C0FDA9 /* GamaguTests.xctest */ = {isa = PBXFileReference; explicitFileType = wrapper.cfbundle; includeInIndex = 0; path = GamaguTests.xctest; sourceTree = BUILT_PRODUCTS_DIR; };
		ED2250D92B61973300C0FDA9 /* GamaguTests.swift */ = {isa = PBXFileReference; lastKnownFileType = sourcecode.swift; path = GamaguTests.swift; sourceTree = "<group>"; };
		ED2250DF2B61973300C0FDA9 /* GamaguUITests.xctest */ = {isa = PBXFileReference; explicitFileType = wrapper.cfbundle; includeInIndex = 0; path = GamaguUITests.xctest; sourceTree = BUILT_PRODUCTS_DIR; };
		ED2250E32B61973300C0FDA9 /* GamaguUITests.swift */ = {isa = PBXFileReference; lastKnownFileType = sourcecode.swift; path = GamaguUITests.swift; sourceTree = "<group>"; };
		ED2250E52B61973300C0FDA9 /* GamaguUITestsLaunchTests.swift */ = {isa = PBXFileReference; lastKnownFileType = sourcecode.swift; path = GamaguUITestsLaunchTests.swift; sourceTree = "<group>"; };
		ED2252412B674F8400C0FDA9 /* SettingViewController.swift */ = {isa = PBXFileReference; lastKnownFileType = sourcecode.swift; path = SettingViewController.swift; sourceTree = "<group>"; };
		ED2252442B67A1E000C0FDA9 /* UINavigationController+Ext.swift */ = {isa = PBXFileReference; lastKnownFileType = sourcecode.swift; path = "UINavigationController+Ext.swift"; sourceTree = "<group>"; };
		ED2252472B67AF6400C0FDA9 /* Slackey-Regular.ttf */ = {isa = PBXFileReference; lastKnownFileType = file; path = "Slackey-Regular.ttf"; sourceTree = "<group>"; };
		ED22524A2B67AFAC00C0FDA9 /* BlackHanSans-Regular.ttf */ = {isa = PBXFileReference; lastKnownFileType = file; path = "BlackHanSans-Regular.ttf"; sourceTree = "<group>"; };
		ED2252502B67BC9700C0FDA9 /* UIButton+Ext.swift */ = {isa = PBXFileReference; lastKnownFileType = sourcecode.swift; path = "UIButton+Ext.swift"; sourceTree = "<group>"; };
		ED22525D2B67F4F300C0FDA9 /* UITabBarController+Ext.swift */ = {isa = PBXFileReference; lastKnownFileType = sourcecode.swift; path = "UITabBarController+Ext.swift"; sourceTree = "<group>"; };
		ED2252692B692FE100C0FDA9 /* HomeCollectionHeaderView.swift */ = {isa = PBXFileReference; lastKnownFileType = sourcecode.swift; path = HomeCollectionHeaderView.swift; sourceTree = "<group>"; };
		ED32C4B92B7FD3DE0032329E /* crowA.wav */ = {isa = PBXFileReference; lastKnownFileType = audio.wav; path = crowA.wav; sourceTree = "<group>"; };
		ED32C4BC2B7FD3DF0032329E /* byak.wav */ = {isa = PBXFileReference; lastKnownFileType = audio.wav; path = byak.wav; sourceTree = "<group>"; };
		ED32C4BD2B7FD3DF0032329E /* kyak.wav */ = {isa = PBXFileReference; lastKnownFileType = audio.wav; path = kyak.wav; sourceTree = "<group>"; };
		ED32C4CD2B7FD77C0032329E /* crowC.wav */ = {isa = PBXFileReference; lastKnownFileType = audio.wav; path = crowC.wav; sourceTree = "<group>"; };
		ED32C4D12B7FD7B20032329E /* crowB.wav */ = {isa = PBXFileReference; lastKnownFileType = audio.wav; path = crowB.wav; sourceTree = "<group>"; };
		ED43ED682B7CEC8800ECA5E7 /* PushNotificationManager.swift */ = {isa = PBXFileReference; lastKnownFileType = sourcecode.swift; path = PushNotificationManager.swift; sourceTree = "<group>"; };
		ED46F0802B7144D3004A1FD9 /* SettingToggleSwitchTableViewCell.swift */ = {isa = PBXFileReference; lastKnownFileType = sourcecode.swift; path = SettingToggleSwitchTableViewCell.swift; sourceTree = "<group>"; };
		ED46F0842B71453D004A1FD9 /* SettingOptionMenuButtonTableViewCell.swift */ = {isa = PBXFileReference; lastKnownFileType = sourcecode.swift; path = SettingOptionMenuButtonTableViewCell.swift; sourceTree = "<group>"; };
		ED46F0882B71468E004A1FD9 /* SettingCategoryTableViewCell.swift */ = {isa = PBXFileReference; lastKnownFileType = sourcecode.swift; path = SettingCategoryTableViewCell.swift; sourceTree = "<group>"; };
		ED6496462B6CD28800D890E1 /* AddFormViewController.swift */ = {isa = PBXFileReference; lastKnownFileType = sourcecode.swift; path = AddFormViewController.swift; sourceTree = "<group>"; };
		ED64964A2B6D1C1600D890E1 /* UITextField+Ext.swift */ = {isa = PBXFileReference; lastKnownFileType = sourcecode.swift; path = "UITextField+Ext.swift"; sourceTree = "<group>"; };
		ED88E6762B69640300C66565 /* HomeCollectionBackgroundView.swift */ = {isa = PBXFileReference; lastKnownFileType = sourcecode.swift; path = HomeCollectionBackgroundView.swift; sourceTree = "<group>"; };
		ED88E6782B69764000C66565 /* HomeCollectionViewCell.swift */ = {isa = PBXFileReference; lastKnownFileType = sourcecode.swift; path = HomeCollectionViewCell.swift; sourceTree = "<group>"; };
		ED91BF4B2B77AAB800CF048E /* CategorySettingPositionTableViewCell.swift */ = {isa = PBXFileReference; lastKnownFileType = sourcecode.swift; path = CategorySettingPositionTableViewCell.swift; sourceTree = "<group>"; };
		ED91BF552B77BC2700CF048E /* GamaguCoreDataModel.xcdatamodel */ = {isa = PBXFileReference; lastKnownFileType = wrapper.xcdatamodel; path = GamaguCoreDataModel.xcdatamodel; sourceTree = "<group>"; };
		ED91BF892B789C8300CF048E /* CoreDataManager.swift */ = {isa = PBXFileReference; lastKnownFileType = sourcecode.swift; path = CoreDataManager.swift; sourceTree = "<group>"; };
		EDA25AD12B8095FF0059168E /* HapticManager.swift */ = {isa = PBXFileReference; lastKnownFileType = sourcecode.swift; path = HapticManager.swift; sourceTree = "<group>"; };
		EDA25AD72B80EC400059168E /* UIApplication+Ext.swift */ = {isa = PBXFileReference; lastKnownFileType = sourcecode.swift; path = "UIApplication+Ext.swift"; sourceTree = "<group>"; };
		EDACCDDE2B7333B700371898 /* CategorySettingButtonDelegate.swift */ = {isa = PBXFileReference; lastKnownFileType = sourcecode.swift; path = CategorySettingButtonDelegate.swift; sourceTree = "<group>"; };
		EDACCDE22B7367D500371898 /* CategorySettingAlarmCountTableViewCell.swift */ = {isa = PBXFileReference; lastKnownFileType = sourcecode.swift; path = CategorySettingAlarmCountTableViewCell.swift; sourceTree = "<group>"; };
		EDACCDE62B737FEA00371898 /* CategorySettingDeleteTableViewCell.swift */ = {isa = PBXFileReference; lastKnownFileType = sourcecode.swift; path = CategorySettingDeleteTableViewCell.swift; sourceTree = "<group>"; };
		EDADCFEB2B7E96ED008D4823 /* Date+Ext.swift */ = {isa = PBXFileReference; lastKnownFileType = sourcecode.swift; path = "Date+Ext.swift"; sourceTree = "<group>"; };
		EDB18F092B790830007B4559 /* AddFormButtonDelegate.swift */ = {isa = PBXFileReference; lastKnownFileType = sourcecode.swift; path = AddFormButtonDelegate.swift; sourceTree = "<group>"; };
		EDB18F0D2B7A039D007B4559 /* CategorySettingAlarmActivationTableViewCell.swift */ = {isa = PBXFileReference; lastKnownFileType = sourcecode.swift; path = CategorySettingAlarmActivationTableViewCell.swift; sourceTree = "<group>"; };
		EDB18F292B7A0E26007B4559 /* Category+CoreDataClass.swift */ = {isa = PBXFileReference; lastKnownFileType = sourcecode.swift; path = "Category+CoreDataClass.swift"; sourceTree = "<group>"; };
		EDB18F2A2B7A0E26007B4559 /* Category+CoreDataProperties.swift */ = {isa = PBXFileReference; lastKnownFileType = sourcecode.swift; path = "Category+CoreDataProperties.swift"; sourceTree = "<group>"; };
		EDB18F2B2B7A0E26007B4559 /* UserSetting+CoreDataClass.swift */ = {isa = PBXFileReference; lastKnownFileType = sourcecode.swift; path = "UserSetting+CoreDataClass.swift"; sourceTree = "<group>"; };
		EDB18F2C2B7A0E26007B4559 /* UserSetting+CoreDataProperties.swift */ = {isa = PBXFileReference; lastKnownFileType = sourcecode.swift; path = "UserSetting+CoreDataProperties.swift"; sourceTree = "<group>"; };
		EDB18F2D2B7A0E26007B4559 /* Item+CoreDataClass.swift */ = {isa = PBXFileReference; lastKnownFileType = sourcecode.swift; path = "Item+CoreDataClass.swift"; sourceTree = "<group>"; };
		EDB18F2E2B7A0E26007B4559 /* Item+CoreDataProperties.swift */ = {isa = PBXFileReference; lastKnownFileType = sourcecode.swift; path = "Item+CoreDataProperties.swift"; sourceTree = "<group>"; };
		EDB18F422B7A13D6007B4559 /* Constants.swift */ = {isa = PBXFileReference; lastKnownFileType = sourcecode.swift; path = Constants.swift; sourceTree = "<group>"; };
		EDB316FC2B7152D90061934A /* SettingButtonDelegate.swift */ = {isa = PBXFileReference; lastKnownFileType = sourcecode.swift; path = SettingButtonDelegate.swift; sourceTree = "<group>"; };
		EDB317002B71F8F50061934A /* CategorySettingViewController.swift */ = {isa = PBXFileReference; lastKnownFileType = sourcecode.swift; path = CategorySettingViewController.swift; sourceTree = "<group>"; };
		EDB317092B7326810061934A /* CategorySettingNameTableViewCell.swift */ = {isa = PBXFileReference; lastKnownFileType = sourcecode.swift; path = CategorySettingNameTableViewCell.swift; sourceTree = "<group>"; };
		EDF92ECD2B70ED7400531BD7 /* SettingDatePickerTableViewCell.swift */ = {isa = PBXFileReference; lastKnownFileType = sourcecode.swift; path = SettingDatePickerTableViewCell.swift; sourceTree = "<group>"; };
/* End PBXFileReference section */

/* Begin PBXFrameworksBuildPhase section */
		ED2250BC2B61973000C0FDA9 /* Frameworks */ = {
			isa = PBXFrameworksBuildPhase;
			buildActionMask = 2147483647;
			files = (
			);
			runOnlyForDeploymentPostprocessing = 0;
		};
		ED2250D22B61973300C0FDA9 /* Frameworks */ = {
			isa = PBXFrameworksBuildPhase;
			buildActionMask = 2147483647;
			files = (
			);
			runOnlyForDeploymentPostprocessing = 0;
		};
		ED2250DC2B61973300C0FDA9 /* Frameworks */ = {
			isa = PBXFrameworksBuildPhase;
			buildActionMask = 2147483647;
			files = (
			);
			runOnlyForDeploymentPostprocessing = 0;
		};
/* End PBXFrameworksBuildPhase section */

/* Begin PBXGroup section */
		ED2250B62B61973000C0FDA9 = {
			isa = PBXGroup;
			children = (
				ED2250C12B61973000C0FDA9 /* Gamagu */,
				ED2250D82B61973300C0FDA9 /* GamaguTests */,
				ED2250E22B61973300C0FDA9 /* GamaguUITests */,
				ED2250C02B61973000C0FDA9 /* Products */,
			);
			sourceTree = "<group>";
		};
		ED2250C02B61973000C0FDA9 /* Products */ = {
			isa = PBXGroup;
			children = (
				ED2250BF2B61973000C0FDA9 /* Gamagu.app */,
				ED2250D52B61973300C0FDA9 /* GamaguTests.xctest */,
				ED2250DF2B61973300C0FDA9 /* GamaguUITests.xctest */,
			);
			name = Products;
			sourceTree = "<group>";
		};
		ED2250C12B61973000C0FDA9 /* Gamagu */ = {
			isa = PBXGroup;
			children = (
				ED2250C22B61973000C0FDA9 /* AppDelegate.swift */,
				ED2250C42B61973000C0FDA9 /* SceneDelegate.swift */,
				ED43ED672B7CEC5A00ECA5E7 /* Helper */,
				EDB18F412B7A13AB007B4559 /* Enum */,
				EDB316FB2B7152900061934A /* Protocol */,
				ED2252432B67A19A00C0FDA9 /* Extention */,
				ED22523E2B6746C500C0FDA9 /* Model */,
				ED22523F2B6746D500C0FDA9 /* View */,
				ED2252402B6746DB00C0FDA9 /* Controller */,
				ED2252492B67AF7300C0FDA9 /* Library */,
				ED2250D02B61973300C0FDA9 /* Info.plist */,
				ED91BF542B77BC2700CF048E /* GamaguCoreDataModel.xcdatamodeld */,
			);
			path = Gamagu;
			sourceTree = "<group>";
		};
		ED2250D82B61973300C0FDA9 /* GamaguTests */ = {
			isa = PBXGroup;
			children = (
				ED2250D92B61973300C0FDA9 /* GamaguTests.swift */,
			);
			path = GamaguTests;
			sourceTree = "<group>";
		};
		ED2250E22B61973300C0FDA9 /* GamaguUITests */ = {
			isa = PBXGroup;
			children = (
				ED2250E32B61973300C0FDA9 /* GamaguUITests.swift */,
				ED2250E52B61973300C0FDA9 /* GamaguUITestsLaunchTests.swift */,
			);
			path = GamaguUITests;
			sourceTree = "<group>";
		};
		ED22523E2B6746C500C0FDA9 /* Model */ = {
			isa = PBXGroup;
			children = (
				ED43ED402B7A981800ECA5E7 /* UserSetting */,
				ED43ED3F2B7A981500ECA5E7 /* Item */,
				ED43ED3E2B7A97E300ECA5E7 /* Category */,
				ED91BF892B789C8300CF048E /* CoreDataManager.swift */,
			);
			path = Model;
			sourceTree = "<group>";
		};
		ED22523F2B6746D500C0FDA9 /* View */ = {
			isa = PBXGroup;
			children = (
				EDB316F92B7151250061934A /* Home */,
				EDB316FA2B7151330061934A /* Setting */,
				EDB3170D2B73269E0061934A /* CategorySetting */,
			);
			path = View;
			sourceTree = "<group>";
		};
		ED2252402B6746DB00C0FDA9 /* Controller */ = {
			isa = PBXGroup;
			children = (
				ED2250C62B61973000C0FDA9 /* HomeViewController.swift */,
				ED6496462B6CD28800D890E1 /* AddFormViewController.swift */,
				ED2252412B674F8400C0FDA9 /* SettingViewController.swift */,
				EDB317002B71F8F50061934A /* CategorySettingViewController.swift */,
			);
			path = Controller;
			sourceTree = "<group>";
		};
		ED2252432B67A19A00C0FDA9 /* Extention */ = {
			isa = PBXGroup;
			children = (
				ED2252442B67A1E000C0FDA9 /* UINavigationController+Ext.swift */,
				ED2252502B67BC9700C0FDA9 /* UIButton+Ext.swift */,
				ED22525D2B67F4F300C0FDA9 /* UITabBarController+Ext.swift */,
				ED64964A2B6D1C1600D890E1 /* UITextField+Ext.swift */,
				EDADCFEB2B7E96ED008D4823 /* Date+Ext.swift */,
				EDA25AD72B80EC400059168E /* UIApplication+Ext.swift */,
			);
			path = Extention;
			sourceTree = "<group>";
		};
		ED2252462B67AF1500C0FDA9 /* Fonts */ = {
			isa = PBXGroup;
			children = (
				ED22524A2B67AFAC00C0FDA9 /* BlackHanSans-Regular.ttf */,
				ED2252472B67AF6400C0FDA9 /* Slackey-Regular.ttf */,
			);
			path = Fonts;
			sourceTree = "<group>";
		};
		ED2252492B67AF7300C0FDA9 /* Library */ = {
			isa = PBXGroup;
			children = (
				ED32C4B82B7FD2730032329E /* Sounds */,
				ED2252462B67AF1500C0FDA9 /* Fonts */,
				ED2250CB2B61973300C0FDA9 /* Assets.xcassets */,
				ED2250CD2B61973300C0FDA9 /* LaunchScreen.storyboard */,
			);
			path = Library;
			sourceTree = "<group>";
		};
		ED32C4B82B7FD2730032329E /* Sounds */ = {
			isa = PBXGroup;
			children = (
				ED32C4BC2B7FD3DF0032329E /* byak.wav */,
				ED32C4B92B7FD3DE0032329E /* crowA.wav */,
				ED32C4D12B7FD7B20032329E /* crowB.wav */,
				ED32C4CD2B7FD77C0032329E /* crowC.wav */,
				ED32C4BD2B7FD3DF0032329E /* kyak.wav */,
			);
			path = Sounds;
			sourceTree = "<group>";
		};
		ED43ED3E2B7A97E300ECA5E7 /* Category */ = {
			isa = PBXGroup;
			children = (
				EDB18F292B7A0E26007B4559 /* Category+CoreDataClass.swift */,
				EDB18F2A2B7A0E26007B4559 /* Category+CoreDataProperties.swift */,
			);
			path = Category;
			sourceTree = "<group>";
		};
		ED43ED3F2B7A981500ECA5E7 /* Item */ = {
			isa = PBXGroup;
			children = (
				EDB18F2D2B7A0E26007B4559 /* Item+CoreDataClass.swift */,
				EDB18F2E2B7A0E26007B4559 /* Item+CoreDataProperties.swift */,
			);
			path = Item;
			sourceTree = "<group>";
		};
		ED43ED402B7A981800ECA5E7 /* UserSetting */ = {
			isa = PBXGroup;
			children = (
				EDB18F2B2B7A0E26007B4559 /* UserSetting+CoreDataClass.swift */,
				EDB18F2C2B7A0E26007B4559 /* UserSetting+CoreDataProperties.swift */,
			);
			path = UserSetting;
			sourceTree = "<group>";
		};
		ED43ED672B7CEC5A00ECA5E7 /* Helper */ = {
			isa = PBXGroup;
			children = (
				ED43ED682B7CEC8800ECA5E7 /* PushNotificationManager.swift */,
				EDA25AD12B8095FF0059168E /* HapticManager.swift */,
			);
			path = Helper;
			sourceTree = "<group>";
		};
		EDB18F412B7A13AB007B4559 /* Enum */ = {
			isa = PBXGroup;
			children = (
				EDB18F422B7A13D6007B4559 /* Constants.swift */,
			);
			path = Enum;
			sourceTree = "<group>";
		};
		EDB316F92B7151250061934A /* Home */ = {
			isa = PBXGroup;
			children = (
				ED1B389D2B6A934900C36A7A /* HomeTableHeaderView.swift */,
				ED1B38A52B6A97D300C36A7A /* HomeTableViewCell.swift */,
				ED2252692B692FE100C0FDA9 /* HomeCollectionHeaderView.swift */,
				ED88E6762B69640300C66565 /* HomeCollectionBackgroundView.swift */,
				ED88E6782B69764000C66565 /* HomeCollectionViewCell.swift */,
			);
			path = Home;
			sourceTree = "<group>";
		};
		EDB316FA2B7151330061934A /* Setting */ = {
			isa = PBXGroup;
			children = (
				EDF92ECD2B70ED7400531BD7 /* SettingDatePickerTableViewCell.swift */,
				ED46F0802B7144D3004A1FD9 /* SettingToggleSwitchTableViewCell.swift */,
				ED46F0842B71453D004A1FD9 /* SettingOptionMenuButtonTableViewCell.swift */,
				ED46F0882B71468E004A1FD9 /* SettingCategoryTableViewCell.swift */,
			);
			path = Setting;
			sourceTree = "<group>";
		};
		EDB316FB2B7152900061934A /* Protocol */ = {
			isa = PBXGroup;
			children = (
				EDB316FC2B7152D90061934A /* SettingButtonDelegate.swift */,
				EDACCDDE2B7333B700371898 /* CategorySettingButtonDelegate.swift */,
				EDB18F092B790830007B4559 /* AddFormButtonDelegate.swift */,
			);
			path = Protocol;
			sourceTree = "<group>";
		};
		EDB3170D2B73269E0061934A /* CategorySetting */ = {
			isa = PBXGroup;
			children = (
				EDB317092B7326810061934A /* CategorySettingNameTableViewCell.swift */,
				EDB18F0D2B7A039D007B4559 /* CategorySettingAlarmActivationTableViewCell.swift */,
				EDACCDE22B7367D500371898 /* CategorySettingAlarmCountTableViewCell.swift */,
				ED91BF4B2B77AAB800CF048E /* CategorySettingPositionTableViewCell.swift */,
				EDACCDE62B737FEA00371898 /* CategorySettingDeleteTableViewCell.swift */,
			);
			path = CategorySetting;
			sourceTree = "<group>";
		};
/* End PBXGroup section */

/* Begin PBXNativeTarget section */
		ED2250BE2B61973000C0FDA9 /* Gamagu */ = {
			isa = PBXNativeTarget;
			buildConfigurationList = ED2250E92B61973300C0FDA9 /* Build configuration list for PBXNativeTarget "Gamagu" */;
			buildPhases = (
				ED2250BB2B61973000C0FDA9 /* Sources */,
				ED2250BC2B61973000C0FDA9 /* Frameworks */,
				ED2250BD2B61973000C0FDA9 /* Resources */,
			);
			buildRules = (
			);
			dependencies = (
			);
			name = Gamagu;
			productName = Gamagu;
			productReference = ED2250BF2B61973000C0FDA9 /* Gamagu.app */;
			productType = "com.apple.product-type.application";
		};
		ED2250D42B61973300C0FDA9 /* GamaguTests */ = {
			isa = PBXNativeTarget;
			buildConfigurationList = ED2250EC2B61973300C0FDA9 /* Build configuration list for PBXNativeTarget "GamaguTests" */;
			buildPhases = (
				ED2250D12B61973300C0FDA9 /* Sources */,
				ED2250D22B61973300C0FDA9 /* Frameworks */,
				ED2250D32B61973300C0FDA9 /* Resources */,
			);
			buildRules = (
			);
			dependencies = (
				ED2250D72B61973300C0FDA9 /* PBXTargetDependency */,
			);
			name = GamaguTests;
			productName = GamaguTests;
			productReference = ED2250D52B61973300C0FDA9 /* GamaguTests.xctest */;
			productType = "com.apple.product-type.bundle.unit-test";
		};
		ED2250DE2B61973300C0FDA9 /* GamaguUITests */ = {
			isa = PBXNativeTarget;
			buildConfigurationList = ED2250EF2B61973300C0FDA9 /* Build configuration list for PBXNativeTarget "GamaguUITests" */;
			buildPhases = (
				ED2250DB2B61973300C0FDA9 /* Sources */,
				ED2250DC2B61973300C0FDA9 /* Frameworks */,
				ED2250DD2B61973300C0FDA9 /* Resources */,
			);
			buildRules = (
			);
			dependencies = (
				ED2250E12B61973300C0FDA9 /* PBXTargetDependency */,
			);
			name = GamaguUITests;
			productName = GamaguUITests;
			productReference = ED2250DF2B61973300C0FDA9 /* GamaguUITests.xctest */;
			productType = "com.apple.product-type.bundle.ui-testing";
		};
/* End PBXNativeTarget section */

/* Begin PBXProject section */
		ED2250B72B61973000C0FDA9 /* Project object */ = {
			isa = PBXProject;
			attributes = {
				BuildIndependentTargetsInParallel = 1;
				LastSwiftUpdateCheck = 1500;
				LastUpgradeCheck = 1500;
				TargetAttributes = {
					ED2250BE2B61973000C0FDA9 = {
						CreatedOnToolsVersion = 15.0;
					};
					ED2250D42B61973300C0FDA9 = {
						CreatedOnToolsVersion = 15.0;
						TestTargetID = ED2250BE2B61973000C0FDA9;
					};
					ED2250DE2B61973300C0FDA9 = {
						CreatedOnToolsVersion = 15.0;
						TestTargetID = ED2250BE2B61973000C0FDA9;
					};
				};
			};
			buildConfigurationList = ED2250BA2B61973000C0FDA9 /* Build configuration list for PBXProject "Gamagu" */;
			compatibilityVersion = "Xcode 14.0";
			developmentRegion = en;
			hasScannedForEncodings = 0;
			knownRegions = (
				en,
				Base,
			);
			mainGroup = ED2250B62B61973000C0FDA9;
			productRefGroup = ED2250C02B61973000C0FDA9 /* Products */;
			projectDirPath = "";
			projectRoot = "";
			targets = (
				ED2250BE2B61973000C0FDA9 /* Gamagu */,
				ED2250D42B61973300C0FDA9 /* GamaguTests */,
				ED2250DE2B61973300C0FDA9 /* GamaguUITests */,
			);
		};
/* End PBXProject section */

/* Begin PBXResourcesBuildPhase section */
		ED2250BD2B61973000C0FDA9 /* Resources */ = {
			isa = PBXResourcesBuildPhase;
			buildActionMask = 2147483647;
			files = (
				ED32C4CE2B7FD77C0032329E /* crowC.wav in Resources */,
				ED32C4D22B7FD7B20032329E /* crowB.wav in Resources */,
				ED22524B2B67AFAC00C0FDA9 /* BlackHanSans-Regular.ttf in Resources */,
				ED32C4BE2B7FD3DF0032329E /* crowA.wav in Resources */,
				ED2250CF2B61973300C0FDA9 /* LaunchScreen.storyboard in Resources */,
				ED32C4C72B7FD3DF0032329E /* byak.wav in Resources */,
				ED32C4CA2B7FD3DF0032329E /* kyak.wav in Resources */,
				ED2252482B67AF6400C0FDA9 /* Slackey-Regular.ttf in Resources */,
				ED2250CC2B61973300C0FDA9 /* Assets.xcassets in Resources */,
			);
			runOnlyForDeploymentPostprocessing = 0;
		};
		ED2250D32B61973300C0FDA9 /* Resources */ = {
			isa = PBXResourcesBuildPhase;
			buildActionMask = 2147483647;
			files = (
				ED32C4BF2B7FD3DF0032329E /* crowA.wav in Resources */,
				ED22524E2B67AFB400C0FDA9 /* Slackey-Regular.ttf in Resources */,
				ED32C4C82B7FD3DF0032329E /* byak.wav in Resources */,
				ED32C4D32B7FD7B20032329E /* crowB.wav in Resources */,
				ED22524C2B67AFAC00C0FDA9 /* BlackHanSans-Regular.ttf in Resources */,
				ED32C4CB2B7FD3DF0032329E /* kyak.wav in Resources */,
				EDA25AD52B80A50E0059168E /* Assets.xcassets in Resources */,
				ED32C4CF2B7FD77C0032329E /* crowC.wav in Resources */,
			);
			runOnlyForDeploymentPostprocessing = 0;
		};
		ED2250DD2B61973300C0FDA9 /* Resources */ = {
			isa = PBXResourcesBuildPhase;
			buildActionMask = 2147483647;
			files = (
				ED32C4C02B7FD3DF0032329E /* crowA.wav in Resources */,
				ED22524F2B67AFB400C0FDA9 /* Slackey-Regular.ttf in Resources */,
				ED32C4C92B7FD3DF0032329E /* byak.wav in Resources */,
				ED32C4D42B7FD7B20032329E /* crowB.wav in Resources */,
				ED22524D2B67AFAC00C0FDA9 /* BlackHanSans-Regular.ttf in Resources */,
				ED32C4CC2B7FD3DF0032329E /* kyak.wav in Resources */,
				EDA25AD62B80A50E0059168E /* Assets.xcassets in Resources */,
				ED32C4D02B7FD77C0032329E /* crowC.wav in Resources */,
			);
			runOnlyForDeploymentPostprocessing = 0;
		};
/* End PBXResourcesBuildPhase section */

/* Begin PBXSourcesBuildPhase section */
		ED2250BB2B61973000C0FDA9 /* Sources */ = {
			isa = PBXSourcesBuildPhase;
			buildActionMask = 2147483647;
			files = (
				ED1B389E2B6A934900C36A7A /* HomeTableHeaderView.swift in Sources */,
				EDB18F432B7A13D6007B4559 /* Constants.swift in Sources */,
				EDACCDDF2B7333B700371898 /* CategorySettingButtonDelegate.swift in Sources */,
				ED22526A2B692FE100C0FDA9 /* HomeCollectionHeaderView.swift in Sources */,
				ED46F0812B7144D3004A1FD9 /* SettingToggleSwitchTableViewCell.swift in Sources */,
				EDB18F3E2B7A0E26007B4559 /* Item+CoreDataProperties.swift in Sources */,
				EDB18F382B7A0E26007B4559 /* UserSetting+CoreDataProperties.swift in Sources */,
				EDB316FD2B7152D90061934A /* SettingButtonDelegate.swift in Sources */,
				EDB18F0E2B7A039D007B4559 /* CategorySettingAlarmActivationTableViewCell.swift in Sources */,
				EDADCFEC2B7E96ED008D4823 /* Date+Ext.swift in Sources */,
				ED2250C72B61973000C0FDA9 /* HomeViewController.swift in Sources */,
				ED46F0892B71468E004A1FD9 /* SettingCategoryTableViewCell.swift in Sources */,
				ED64964B2B6D1C1600D890E1 /* UITextField+Ext.swift in Sources */,
				EDA25AD22B8095FF0059168E /* HapticManager.swift in Sources */,
				ED22525E2B67F4F300C0FDA9 /* UITabBarController+Ext.swift in Sources */,
				ED2252452B67A1E000C0FDA9 /* UINavigationController+Ext.swift in Sources */,
				EDF92ECE2B70ED7400531BD7 /* SettingDatePickerTableViewCell.swift in Sources */,
				ED1B38A62B6A97D300C36A7A /* HomeTableViewCell.swift in Sources */,
				ED88E6772B69640300C66565 /* HomeCollectionBackgroundView.swift in Sources */,
				ED91BF4C2B77AAB800CF048E /* CategorySettingPositionTableViewCell.swift in Sources */,
				ED2250C32B61973000C0FDA9 /* AppDelegate.swift in Sources */,
				ED91BF562B77BC2700CF048E /* GamaguCoreDataModel.xcdatamodeld in Sources */,
				ED46F0852B71453D004A1FD9 /* SettingOptionMenuButtonTableViewCell.swift in Sources */,
				EDB317012B71F8F50061934A /* CategorySettingViewController.swift in Sources */,
				ED2250C52B61973000C0FDA9 /* SceneDelegate.swift in Sources */,
				ED43ED692B7CEC8800ECA5E7 /* PushNotificationManager.swift in Sources */,
				EDACCDE72B737FEA00371898 /* CategorySettingDeleteTableViewCell.swift in Sources */,
				ED2252422B674F8400C0FDA9 /* SettingViewController.swift in Sources */,
				EDB3170A2B7326810061934A /* CategorySettingNameTableViewCell.swift in Sources */,
				EDB18F2F2B7A0E26007B4559 /* Category+CoreDataClass.swift in Sources */,
				ED2252512B67BC9700C0FDA9 /* UIButton+Ext.swift in Sources */,
				EDB18F352B7A0E26007B4559 /* UserSetting+CoreDataClass.swift in Sources */,
				EDA25AD82B80EC400059168E /* UIApplication+Ext.swift in Sources */,
				ED6496472B6CD28800D890E1 /* AddFormViewController.swift in Sources */,
				EDB18F3B2B7A0E26007B4559 /* Item+CoreDataClass.swift in Sources */,
				EDB18F322B7A0E26007B4559 /* Category+CoreDataProperties.swift in Sources */,
				ED88E6792B69764000C66565 /* HomeCollectionViewCell.swift in Sources */,
				EDACCDE32B7367D500371898 /* CategorySettingAlarmCountTableViewCell.swift in Sources */,
				EDB18F0A2B790830007B4559 /* AddFormButtonDelegate.swift in Sources */,
				ED91BF8A2B789C8300CF048E /* CoreDataManager.swift in Sources */,
			);
			runOnlyForDeploymentPostprocessing = 0;
		};
		ED2250D12B61973300C0FDA9 /* Sources */ = {
			isa = PBXSourcesBuildPhase;
			buildActionMask = 2147483647;
			files = (
				EDF92ECF2B70ED7400531BD7 /* SettingDatePickerTableViewCell.swift in Sources */,
				EDB317022B71F8F50061934A /* CategorySettingViewController.swift in Sources */,
				EDB18F3F2B7A0E26007B4559 /* Item+CoreDataProperties.swift in Sources */,
				EDADCFED2B7E96ED008D4823 /* Date+Ext.swift in Sources */,
				ED91BF572B77BC2700CF048E /* GamaguCoreDataModel.xcdatamodeld in Sources */,
				ED2250DA2B61973300C0FDA9 /* GamaguTests.swift in Sources */,
				EDACCDE82B737FEA00371898 /* CategorySettingDeleteTableViewCell.swift in Sources */,
				EDB18F3C2B7A0E26007B4559 /* Item+CoreDataClass.swift in Sources */,
				ED46F0822B7144D3004A1FD9 /* SettingToggleSwitchTableViewCell.swift in Sources */,
				EDACCDE42B7367D500371898 /* CategorySettingAlarmCountTableViewCell.swift in Sources */,
				EDB18F332B7A0E26007B4559 /* Category+CoreDataProperties.swift in Sources */,
				EDB18F0F2B7A039D007B4559 /* CategorySettingAlarmActivationTableViewCell.swift in Sources */,
				ED22526B2B692FE100C0FDA9 /* HomeCollectionHeaderView.swift in Sources */,
				ED64964C2B6D1C1600D890E1 /* UITextField+Ext.swift in Sources */,
				ED88E67A2B69764000C66565 /* HomeCollectionViewCell.swift in Sources */,
				ED6496482B6CD28800D890E1 /* AddFormViewController.swift in Sources */,
				EDB18F362B7A0E26007B4559 /* UserSetting+CoreDataClass.swift in Sources */,
				ED1B38A72B6A97D300C36A7A /* HomeTableViewCell.swift in Sources */,
				ED91BF8B2B789C8300CF048E /* CoreDataManager.swift in Sources */,
				EDA25AD32B8096020059168E /* HapticManager.swift in Sources */,
				EDB18F0B2B790830007B4559 /* AddFormButtonDelegate.swift in Sources */,
				EDB18F302B7A0E26007B4559 /* Category+CoreDataClass.swift in Sources */,
				EDA25AD92B80EC400059168E /* UIApplication+Ext.swift in Sources */,
				EDACCDE02B7333B700371898 /* CategorySettingButtonDelegate.swift in Sources */,
				EDB316FE2B7152D90061934A /* SettingButtonDelegate.swift in Sources */,
				EDB18F442B7A13D6007B4559 /* Constants.swift in Sources */,
				ED46F0862B71453D004A1FD9 /* SettingOptionMenuButtonTableViewCell.swift in Sources */,
				ED22525F2B67F4F300C0FDA9 /* UITabBarController+Ext.swift in Sources */,
				ED1B389F2B6A934900C36A7A /* HomeTableHeaderView.swift in Sources */,
				EDB3170B2B7326810061934A /* CategorySettingNameTableViewCell.swift in Sources */,
				ED91BF4D2B77AABF00CF048E /* CategorySettingPositionTableViewCell.swift in Sources */,
				ED46F08A2B71468E004A1FD9 /* SettingCategoryTableViewCell.swift in Sources */,
				ED2252522B67BC9700C0FDA9 /* UIButton+Ext.swift in Sources */,
				EDB18F392B7A0E26007B4559 /* UserSetting+CoreDataProperties.swift in Sources */,
			);
			runOnlyForDeploymentPostprocessing = 0;
		};
		ED2250DB2B61973300C0FDA9 /* Sources */ = {
			isa = PBXSourcesBuildPhase;
			buildActionMask = 2147483647;
			files = (
				ED1B38A02B6A934900C36A7A /* HomeTableHeaderView.swift in Sources */,
				EDB18F452B7A13D6007B4559 /* Constants.swift in Sources */,
				EDACCDE12B7333B700371898 /* CategorySettingButtonDelegate.swift in Sources */,
				ED2250E62B61973300C0FDA9 /* GamaguUITestsLaunchTests.swift in Sources */,
				ED6496492B6CD28800D890E1 /* AddFormViewController.swift in Sources */,
				EDB3170C2B7326810061934A /* CategorySettingNameTableViewCell.swift in Sources */,
				EDADCFEE2B7E96ED008D4823 /* Date+Ext.swift in Sources */,
				ED91BF4E2B77AABF00CF048E /* CategorySettingPositionTableViewCell.swift in Sources */,
				EDB18F3D2B7A0E26007B4559 /* Item+CoreDataClass.swift in Sources */,
				ED46F08B2B71468E004A1FD9 /* SettingCategoryTableViewCell.swift in Sources */,
				ED46F0832B7144D3004A1FD9 /* SettingToggleSwitchTableViewCell.swift in Sources */,
				EDB18F402B7A0E26007B4559 /* Item+CoreDataProperties.swift in Sources */,
				ED2250E42B61973300C0FDA9 /* GamaguUITests.swift in Sources */,
				EDB18F312B7A0E26007B4559 /* Category+CoreDataClass.swift in Sources */,
				ED91BF8C2B789C8300CF048E /* CoreDataManager.swift in Sources */,
				EDACCDE52B7367D500371898 /* CategorySettingAlarmCountTableViewCell.swift in Sources */,
				EDA25AD42B8096030059168E /* HapticManager.swift in Sources */,
				EDA25ADA2B80EC400059168E /* UIApplication+Ext.swift in Sources */,
				ED88E67B2B69764000C66565 /* HomeCollectionViewCell.swift in Sources */,
				ED1B38A82B6A97D300C36A7A /* HomeTableViewCell.swift in Sources */,
				ED91BF582B77BC2700CF048E /* GamaguCoreDataModel.xcdatamodeld in Sources */,
				EDB18F372B7A0E26007B4559 /* UserSetting+CoreDataClass.swift in Sources */,
				EDF92ED02B70ED7400531BD7 /* SettingDatePickerTableViewCell.swift in Sources */,
				EDB18F0C2B790830007B4559 /* AddFormButtonDelegate.swift in Sources */,
				ED64964D2B6D1C1600D890E1 /* UITextField+Ext.swift in Sources */,
				EDB18F102B7A039D007B4559 /* CategorySettingAlarmActivationTableViewCell.swift in Sources */,
				EDB317032B71F8F50061934A /* CategorySettingViewController.swift in Sources */,
				EDB316FF2B7152D90061934A /* SettingButtonDelegate.swift in Sources */,
				ED46F0872B71453D004A1FD9 /* SettingOptionMenuButtonTableViewCell.swift in Sources */,
				EDB18F342B7A0E26007B4559 /* Category+CoreDataProperties.swift in Sources */,
				ED22526C2B692FE100C0FDA9 /* HomeCollectionHeaderView.swift in Sources */,
				ED2252532B67BC9700C0FDA9 /* UIButton+Ext.swift in Sources */,
				EDB18F3A2B7A0E26007B4559 /* UserSetting+CoreDataProperties.swift in Sources */,
				ED2252602B67F4F300C0FDA9 /* UITabBarController+Ext.swift in Sources */,
				EDACCDE92B737FEA00371898 /* CategorySettingDeleteTableViewCell.swift in Sources */,
			);
			runOnlyForDeploymentPostprocessing = 0;
		};
/* End PBXSourcesBuildPhase section */

/* Begin PBXTargetDependency section */
		ED2250D72B61973300C0FDA9 /* PBXTargetDependency */ = {
			isa = PBXTargetDependency;
			target = ED2250BE2B61973000C0FDA9 /* Gamagu */;
			targetProxy = ED2250D62B61973300C0FDA9 /* PBXContainerItemProxy */;
		};
		ED2250E12B61973300C0FDA9 /* PBXTargetDependency */ = {
			isa = PBXTargetDependency;
			target = ED2250BE2B61973000C0FDA9 /* Gamagu */;
			targetProxy = ED2250E02B61973300C0FDA9 /* PBXContainerItemProxy */;
		};
/* End PBXTargetDependency section */

/* Begin PBXVariantGroup section */
		ED2250CD2B61973300C0FDA9 /* LaunchScreen.storyboard */ = {
			isa = PBXVariantGroup;
			children = (
				ED2250CE2B61973300C0FDA9 /* Base */,
			);
			name = LaunchScreen.storyboard;
			sourceTree = "<group>";
		};
/* End PBXVariantGroup section */

/* Begin XCBuildConfiguration section */
		ED2250E72B61973300C0FDA9 /* Debug */ = {
			isa = XCBuildConfiguration;
			buildSettings = {
				ALWAYS_SEARCH_USER_PATHS = NO;
				ASSETCATALOG_COMPILER_GENERATE_SWIFT_ASSET_SYMBOL_EXTENSIONS = YES;
				CLANG_ANALYZER_NONNULL = YES;
				CLANG_ANALYZER_NUMBER_OBJECT_CONVERSION = YES_AGGRESSIVE;
				CLANG_CXX_LANGUAGE_STANDARD = "gnu++20";
				CLANG_ENABLE_MODULES = YES;
				CLANG_ENABLE_OBJC_ARC = YES;
				CLANG_ENABLE_OBJC_WEAK = YES;
				CLANG_WARN_BLOCK_CAPTURE_AUTORELEASING = YES;
				CLANG_WARN_BOOL_CONVERSION = YES;
				CLANG_WARN_COMMA = YES;
				CLANG_WARN_CONSTANT_CONVERSION = YES;
				CLANG_WARN_DEPRECATED_OBJC_IMPLEMENTATIONS = YES;
				CLANG_WARN_DIRECT_OBJC_ISA_USAGE = YES_ERROR;
				CLANG_WARN_DOCUMENTATION_COMMENTS = YES;
				CLANG_WARN_EMPTY_BODY = YES;
				CLANG_WARN_ENUM_CONVERSION = YES;
				CLANG_WARN_INFINITE_RECURSION = YES;
				CLANG_WARN_INT_CONVERSION = YES;
				CLANG_WARN_NON_LITERAL_NULL_CONVERSION = YES;
				CLANG_WARN_OBJC_IMPLICIT_RETAIN_SELF = YES;
				CLANG_WARN_OBJC_LITERAL_CONVERSION = YES;
				CLANG_WARN_OBJC_ROOT_CLASS = YES_ERROR;
				CLANG_WARN_QUOTED_INCLUDE_IN_FRAMEWORK_HEADER = YES;
				CLANG_WARN_RANGE_LOOP_ANALYSIS = YES;
				CLANG_WARN_STRICT_PROTOTYPES = YES;
				CLANG_WARN_SUSPICIOUS_MOVE = YES;
				CLANG_WARN_UNGUARDED_AVAILABILITY = YES_AGGRESSIVE;
				CLANG_WARN_UNREACHABLE_CODE = YES;
				CLANG_WARN__DUPLICATE_METHOD_MATCH = YES;
				COPY_PHASE_STRIP = NO;
				DEBUG_INFORMATION_FORMAT = dwarf;
				ENABLE_STRICT_OBJC_MSGSEND = YES;
				ENABLE_TESTABILITY = YES;
				ENABLE_USER_SCRIPT_SANDBOXING = YES;
				GCC_C_LANGUAGE_STANDARD = gnu17;
				GCC_DYNAMIC_NO_PIC = NO;
				GCC_NO_COMMON_BLOCKS = YES;
				GCC_OPTIMIZATION_LEVEL = 0;
				GCC_PREPROCESSOR_DEFINITIONS = (
					"DEBUG=1",
					"$(inherited)",
				);
				GCC_WARN_64_TO_32_BIT_CONVERSION = YES;
				GCC_WARN_ABOUT_RETURN_TYPE = YES_ERROR;
				GCC_WARN_UNDECLARED_SELECTOR = YES;
				GCC_WARN_UNINITIALIZED_AUTOS = YES_AGGRESSIVE;
				GCC_WARN_UNUSED_FUNCTION = YES;
				GCC_WARN_UNUSED_VARIABLE = YES;
				INFOPLIST_KEY_CFBundleDisplayName = GAMAGU;
				IPHONEOS_DEPLOYMENT_TARGET = 17.0;
				LOCALIZATION_PREFERS_STRING_CATALOGS = YES;
				MTL_ENABLE_DEBUG_INFO = INCLUDE_SOURCE;
				MTL_FAST_MATH = YES;
				ONLY_ACTIVE_ARCH = YES;
				SDKROOT = iphoneos;
				SWIFT_ACTIVE_COMPILATION_CONDITIONS = "DEBUG $(inherited)";
				SWIFT_OPTIMIZATION_LEVEL = "-Onone";
			};
			name = Debug;
		};
		ED2250E82B61973300C0FDA9 /* Release */ = {
			isa = XCBuildConfiguration;
			buildSettings = {
				ALWAYS_SEARCH_USER_PATHS = NO;
				ASSETCATALOG_COMPILER_GENERATE_SWIFT_ASSET_SYMBOL_EXTENSIONS = YES;
				CLANG_ANALYZER_NONNULL = YES;
				CLANG_ANALYZER_NUMBER_OBJECT_CONVERSION = YES_AGGRESSIVE;
				CLANG_CXX_LANGUAGE_STANDARD = "gnu++20";
				CLANG_ENABLE_MODULES = YES;
				CLANG_ENABLE_OBJC_ARC = YES;
				CLANG_ENABLE_OBJC_WEAK = YES;
				CLANG_WARN_BLOCK_CAPTURE_AUTORELEASING = YES;
				CLANG_WARN_BOOL_CONVERSION = YES;
				CLANG_WARN_COMMA = YES;
				CLANG_WARN_CONSTANT_CONVERSION = YES;
				CLANG_WARN_DEPRECATED_OBJC_IMPLEMENTATIONS = YES;
				CLANG_WARN_DIRECT_OBJC_ISA_USAGE = YES_ERROR;
				CLANG_WARN_DOCUMENTATION_COMMENTS = YES;
				CLANG_WARN_EMPTY_BODY = YES;
				CLANG_WARN_ENUM_CONVERSION = YES;
				CLANG_WARN_INFINITE_RECURSION = YES;
				CLANG_WARN_INT_CONVERSION = YES;
				CLANG_WARN_NON_LITERAL_NULL_CONVERSION = YES;
				CLANG_WARN_OBJC_IMPLICIT_RETAIN_SELF = YES;
				CLANG_WARN_OBJC_LITERAL_CONVERSION = YES;
				CLANG_WARN_OBJC_ROOT_CLASS = YES_ERROR;
				CLANG_WARN_QUOTED_INCLUDE_IN_FRAMEWORK_HEADER = YES;
				CLANG_WARN_RANGE_LOOP_ANALYSIS = YES;
				CLANG_WARN_STRICT_PROTOTYPES = YES;
				CLANG_WARN_SUSPICIOUS_MOVE = YES;
				CLANG_WARN_UNGUARDED_AVAILABILITY = YES_AGGRESSIVE;
				CLANG_WARN_UNREACHABLE_CODE = YES;
				CLANG_WARN__DUPLICATE_METHOD_MATCH = YES;
				COPY_PHASE_STRIP = NO;
				DEBUG_INFORMATION_FORMAT = "dwarf-with-dsym";
				ENABLE_NS_ASSERTIONS = NO;
				ENABLE_STRICT_OBJC_MSGSEND = YES;
				ENABLE_USER_SCRIPT_SANDBOXING = YES;
				GCC_C_LANGUAGE_STANDARD = gnu17;
				GCC_NO_COMMON_BLOCKS = YES;
				GCC_WARN_64_TO_32_BIT_CONVERSION = YES;
				GCC_WARN_ABOUT_RETURN_TYPE = YES_ERROR;
				GCC_WARN_UNDECLARED_SELECTOR = YES;
				GCC_WARN_UNINITIALIZED_AUTOS = YES_AGGRESSIVE;
				GCC_WARN_UNUSED_FUNCTION = YES;
				GCC_WARN_UNUSED_VARIABLE = YES;
				INFOPLIST_KEY_CFBundleDisplayName = GAMAGU;
				IPHONEOS_DEPLOYMENT_TARGET = 17.0;
				LOCALIZATION_PREFERS_STRING_CATALOGS = YES;
				MTL_ENABLE_DEBUG_INFO = NO;
				MTL_FAST_MATH = YES;
				SDKROOT = iphoneos;
				SWIFT_COMPILATION_MODE = wholemodule;
				VALIDATE_PRODUCT = YES;
			};
			name = Release;
		};
		ED2250EA2B61973300C0FDA9 /* Debug */ = {
			isa = XCBuildConfiguration;
			buildSettings = {
				ASSETCATALOG_COMPILER_APPICON_NAME = AppIcon;
				ASSETCATALOG_COMPILER_GLOBAL_ACCENT_COLOR_NAME = AccentColor;
				CODE_SIGN_STYLE = Automatic;
				CURRENT_PROJECT_VERSION = 2;
				DEVELOPMENT_TEAM = PX6UGAAW3A;
				GENERATE_INFOPLIST_FILE = YES;
				INFOPLIST_FILE = Gamagu/Info.plist;
				INFOPLIST_KEY_CFBundleDisplayName = GAMAGU;
				INFOPLIST_KEY_LSApplicationCategoryType = "";
				INFOPLIST_KEY_UIApplicationSupportsIndirectInputEvents = YES;
				INFOPLIST_KEY_UILaunchStoryboardName = LaunchScreen;
				INFOPLIST_KEY_UISupportedInterfaceOrientations = UIInterfaceOrientationPortrait;
				INFOPLIST_KEY_UISupportedInterfaceOrientations_iPad = "UIInterfaceOrientationLandscapeLeft UIInterfaceOrientationLandscapeRight UIInterfaceOrientationPortrait UIInterfaceOrientationPortraitUpsideDown";
				IPHONEOS_DEPLOYMENT_TARGET = 14.0;
				LD_RUNPATH_SEARCH_PATHS = (
					"$(inherited)",
					"@executable_path/Frameworks",
				);
				MARKETING_VERSION = 1.0;
				PRODUCT_BUNDLE_IDENTIFIER = com.yonaSeo.Gamagu;
				PRODUCT_NAME = "$(TARGET_NAME)";
				SUPPORTED_PLATFORMS = "iphoneos iphonesimulator";
				SUPPORTS_MACCATALYST = NO;
				SUPPORTS_MAC_DESIGNED_FOR_IPHONE_IPAD = NO;
				SWIFT_EMIT_LOC_STRINGS = YES;
				SWIFT_VERSION = 5.0;
				TARGETED_DEVICE_FAMILY = 1;
			};
			name = Debug;
		};
		ED2250EB2B61973300C0FDA9 /* Release */ = {
			isa = XCBuildConfiguration;
			buildSettings = {
				ASSETCATALOG_COMPILER_APPICON_NAME = AppIcon;
				ASSETCATALOG_COMPILER_GLOBAL_ACCENT_COLOR_NAME = AccentColor;
				CODE_SIGN_STYLE = Automatic;
				CURRENT_PROJECT_VERSION = 2;
				DEVELOPMENT_TEAM = PX6UGAAW3A;
				GENERATE_INFOPLIST_FILE = YES;
				INFOPLIST_FILE = Gamagu/Info.plist;
				INFOPLIST_KEY_CFBundleDisplayName = GAMAGU;
				INFOPLIST_KEY_LSApplicationCategoryType = "";
				INFOPLIST_KEY_UIApplicationSupportsIndirectInputEvents = YES;
				INFOPLIST_KEY_UILaunchStoryboardName = LaunchScreen;
				INFOPLIST_KEY_UISupportedInterfaceOrientations = UIInterfaceOrientationPortrait;
				INFOPLIST_KEY_UISupportedInterfaceOrientations_iPad = "UIInterfaceOrientationLandscapeLeft UIInterfaceOrientationLandscapeRight UIInterfaceOrientationPortrait UIInterfaceOrientationPortraitUpsideDown";
				IPHONEOS_DEPLOYMENT_TARGET = 14.0;
				LD_RUNPATH_SEARCH_PATHS = (
					"$(inherited)",
					"@executable_path/Frameworks",
				);
				MARKETING_VERSION = 1.0;
				PRODUCT_BUNDLE_IDENTIFIER = com.yonaSeo.Gamagu;
				PRODUCT_NAME = "$(TARGET_NAME)";
				SUPPORTED_PLATFORMS = "iphoneos iphonesimulator";
				SUPPORTS_MACCATALYST = NO;
				SUPPORTS_MAC_DESIGNED_FOR_IPHONE_IPAD = NO;
				SWIFT_EMIT_LOC_STRINGS = YES;
				SWIFT_VERSION = 5.0;
				TARGETED_DEVICE_FAMILY = 1;
			};
			name = Release;
		};
		ED2250ED2B61973300C0FDA9 /* Debug */ = {
			isa = XCBuildConfiguration;
			buildSettings = {
				ALWAYS_EMBED_SWIFT_STANDARD_LIBRARIES = YES;
				BUNDLE_LOADER = "$(TEST_HOST)";
				CODE_SIGN_STYLE = Automatic;
				CURRENT_PROJECT_VERSION = 1;
				DEVELOPMENT_TEAM = PX6UGAAW3A;
				GENERATE_INFOPLIST_FILE = YES;
				IPHONEOS_DEPLOYMENT_TARGET = 17.0;
				MARKETING_VERSION = 1.0;
				PRODUCT_BUNDLE_IDENTIFIER = com.yonaSeo.GamaguTests;
				PRODUCT_NAME = "$(TARGET_NAME)";
				SWIFT_EMIT_LOC_STRINGS = NO;
				SWIFT_VERSION = 5.0;
				TARGETED_DEVICE_FAMILY = "1,2";
				TEST_HOST = "$(BUILT_PRODUCTS_DIR)/Gamagu.app/$(BUNDLE_EXECUTABLE_FOLDER_PATH)/Gamagu";
			};
			name = Debug;
		};
		ED2250EE2B61973300C0FDA9 /* Release */ = {
			isa = XCBuildConfiguration;
			buildSettings = {
				ALWAYS_EMBED_SWIFT_STANDARD_LIBRARIES = YES;
				BUNDLE_LOADER = "$(TEST_HOST)";
				CODE_SIGN_STYLE = Automatic;
				CURRENT_PROJECT_VERSION = 1;
				DEVELOPMENT_TEAM = PX6UGAAW3A;
				GENERATE_INFOPLIST_FILE = YES;
				IPHONEOS_DEPLOYMENT_TARGET = 17.0;
				MARKETING_VERSION = 1.0;
				PRODUCT_BUNDLE_IDENTIFIER = com.yonaSeo.GamaguTests;
				PRODUCT_NAME = "$(TARGET_NAME)";
				SWIFT_EMIT_LOC_STRINGS = NO;
				SWIFT_VERSION = 5.0;
				TARGETED_DEVICE_FAMILY = "1,2";
				TEST_HOST = "$(BUILT_PRODUCTS_DIR)/Gamagu.app/$(BUNDLE_EXECUTABLE_FOLDER_PATH)/Gamagu";
			};
			name = Release;
		};
		ED2250F02B61973300C0FDA9 /* Debug */ = {
			isa = XCBuildConfiguration;
			buildSettings = {
				ALWAYS_EMBED_SWIFT_STANDARD_LIBRARIES = YES;
				CODE_SIGN_STYLE = Automatic;
				CURRENT_PROJECT_VERSION = 1;
				DEVELOPMENT_TEAM = PX6UGAAW3A;
				GENERATE_INFOPLIST_FILE = YES;
				MARKETING_VERSION = 1.0;
				PRODUCT_BUNDLE_IDENTIFIER = com.yonaSeo.GamaguUITests;
				PRODUCT_NAME = "$(TARGET_NAME)";
				SWIFT_EMIT_LOC_STRINGS = NO;
				SWIFT_VERSION = 5.0;
				TARGETED_DEVICE_FAMILY = "1,2";
				TEST_TARGET_NAME = Gamagu;
			};
			name = Debug;
		};
		ED2250F12B61973300C0FDA9 /* Release */ = {
			isa = XCBuildConfiguration;
			buildSettings = {
				ALWAYS_EMBED_SWIFT_STANDARD_LIBRARIES = YES;
				CODE_SIGN_STYLE = Automatic;
				CURRENT_PROJECT_VERSION = 1;
				DEVELOPMENT_TEAM = PX6UGAAW3A;
				GENERATE_INFOPLIST_FILE = YES;
				MARKETING_VERSION = 1.0;
				PRODUCT_BUNDLE_IDENTIFIER = com.yonaSeo.GamaguUITests;
				PRODUCT_NAME = "$(TARGET_NAME)";
				SWIFT_EMIT_LOC_STRINGS = NO;
				SWIFT_VERSION = 5.0;
				TARGETED_DEVICE_FAMILY = "1,2";
				TEST_TARGET_NAME = Gamagu;
			};
			name = Release;
		};
/* End XCBuildConfiguration section */

/* Begin XCConfigurationList section */
		ED2250BA2B61973000C0FDA9 /* Build configuration list for PBXProject "Gamagu" */ = {
			isa = XCConfigurationList;
			buildConfigurations = (
				ED2250E72B61973300C0FDA9 /* Debug */,
				ED2250E82B61973300C0FDA9 /* Release */,
			);
			defaultConfigurationIsVisible = 0;
			defaultConfigurationName = Release;
		};
		ED2250E92B61973300C0FDA9 /* Build configuration list for PBXNativeTarget "Gamagu" */ = {
			isa = XCConfigurationList;
			buildConfigurations = (
				ED2250EA2B61973300C0FDA9 /* Debug */,
				ED2250EB2B61973300C0FDA9 /* Release */,
			);
			defaultConfigurationIsVisible = 0;
			defaultConfigurationName = Release;
		};
		ED2250EC2B61973300C0FDA9 /* Build configuration list for PBXNativeTarget "GamaguTests" */ = {
			isa = XCConfigurationList;
			buildConfigurations = (
				ED2250ED2B61973300C0FDA9 /* Debug */,
				ED2250EE2B61973300C0FDA9 /* Release */,
			);
			defaultConfigurationIsVisible = 0;
			defaultConfigurationName = Release;
		};
		ED2250EF2B61973300C0FDA9 /* Build configuration list for PBXNativeTarget "GamaguUITests" */ = {
			isa = XCConfigurationList;
			buildConfigurations = (
				ED2250F02B61973300C0FDA9 /* Debug */,
				ED2250F12B61973300C0FDA9 /* Release */,
			);
			defaultConfigurationIsVisible = 0;
			defaultConfigurationName = Release;
		};
/* End XCConfigurationList section */

/* Begin XCVersionGroup section */
		ED91BF542B77BC2700CF048E /* GamaguCoreDataModel.xcdatamodeld */ = {
			isa = XCVersionGroup;
			children = (
				ED91BF552B77BC2700CF048E /* GamaguCoreDataModel.xcdatamodel */,
			);
			currentVersion = ED91BF552B77BC2700CF048E /* GamaguCoreDataModel.xcdatamodel */;
			path = GamaguCoreDataModel.xcdatamodeld;
			sourceTree = "<group>";
			versionGroupType = wrapper.xcdatamodel;
		};
/* End XCVersionGroup section */
	};
	rootObject = ED2250B72B61973000C0FDA9 /* Project object */;
}
